
Microsoft Visual Studio Solution File, Format Version 12.00
# Visual Studio 15
VisualStudioVersion = 15.0.28307.168
MinimumVisualStudioVersion = 10.0.40219.1
Project("{FAE04EC0-301F-11D3-BF4B-00C04F79EFBC}") = "DoWhileLoop", "DoWhileLoop\DoWhileLoop.csproj", "{55AAE8EF-FF3F-47FF-9B14-D89A3800D7FE}"
EndProject
Global
	GlobalSection(SolutionConfigurationPlatforms) = preSolution
		Debug|Any CPU = Debug|Any CPU
		Release|Any CPU = Release|Any CPU
	EndGlobalSection
	GlobalSection(ProjectConfigurationPlatforms) = postSolution
		{55AAE8EF-FF3F-47FF-9B14-D89A3800D7FE}.Debug|Any CPU.ActiveCfg = Debug|Any CPU
		{55AAE8EF-FF3F-47FF-9B14-D89A3800D7FE}.Debug|Any CPU.Build.0 = Debug|Any CPU
		{55AAE8EF-FF3F-47FF-9B14-D89A3800D7FE}.Release|Any CPU.ActiveCfg = Release|Any CPU
		{55AAE8EF-FF3F-47FF-9B14-D89A3800D7FE}.Release|Any CPU.Build.0 = Release|Any CPU
	EndGlobalSection
	GlobalSection(SolutionProperties) = preSolution
		HideSolutionNode = FALSE
	EndGlobalSection
	GlobalSection(ExtensibilityGlobals) = postSolution
		SolutionGuid = {F51821E0-3DBA-4FED-B6DB-03BED5110724}
	EndGlobalSection
EndGlobal
